// !$*UTF8*$!
{
	archiveVersion = 1;
	classes = {
	};
	objectVersion = 46;
	objects = {

/* Begin PBXBuildFile section */
		4E8150001F37EA0A00327F67 /* main.m in Sources */ = {isa = PBXBuildFile; fileRef = 4E814FFF1F37EA0A00327F67 /* main.m */; };
		4E8150031F37EA0A00327F67 /* AppDelegate.m in Sources */ = {isa = PBXBuildFile; fileRef = 4E8150021F37EA0A00327F67 /* AppDelegate.m */; };
		4E8150061F37EA0A00327F67 /* CPTableViewController.m in Sources */ = {isa = PBXBuildFile; fileRef = 4E8150051F37EA0A00327F67 /* CPTableViewController.m */; };
		4E81500B1F37EA0A00327F67 /* Assets.xcassets in Resources */ = {isa = PBXBuildFile; fileRef = 4E81500A1F37EA0A00327F67 /* Assets.xcassets */; };
		4E8150191F37EA0A00327F67 /* Personal_CapitalTests.m in Sources */ = {isa = PBXBuildFile; fileRef = 4E8150181F37EA0A00327F67 /* Personal_CapitalTests.m */; };
		4E8150241F37EA0A00327F67 /* Personal_CapitalUITests.m in Sources */ = {isa = PBXBuildFile; fileRef = 4E8150231F37EA0A00327F67 /* Personal_CapitalUITests.m */; };
		4E81503B1F38DCD400327F67 /* CPChannelSource.m in Sources */ = {isa = PBXBuildFile; fileRef = 4E81503A1F38DCD400327F67 /* CPChannelSource.m */; };
		4E8150461F38E27B00327F67 /* CPParseOperation.m in Sources */ = {isa = PBXBuildFile; fileRef = 4E8150451F38E27B00327F67 /* CPParseOperation.m */; };
		4E8150491F38E5E500327F67 /* CPArticle.m in Sources */ = {isa = PBXBuildFile; fileRef = 4E8150481F38E5E500327F67 /* CPArticle.m */; };
		4E81504B1F38FE8400327F67 /* CPParseTests.m in Sources */ = {isa = PBXBuildFile; fileRef = 4E81504A1F38FE8400327F67 /* CPParseTests.m */; };
		4E8150501F397F2700327F67 /* CPWebViewController.m in Sources */ = {isa = PBXBuildFile; fileRef = 4E81504F1F397F2700327F67 /* CPWebViewController.m */; };
		4E8150531F3A3A3000327F67 /* CPMainArticleTableViewCell.m in Sources */ = {isa = PBXBuildFile; fileRef = 4E8150521F3A3A3000327F67 /* CPMainArticleTableViewCell.m */; };
		4E8150561F3A3D7F00327F67 /* CPArticleView.m in Sources */ = {isa = PBXBuildFile; fileRef = 4E8150551F3A3D7F00327F67 /* CPArticleView.m */; };
		4E81505E1F3A8B6A00327F67 /* UIImageView+Network.m in Sources */ = {isa = PBXBuildFile; fileRef = 4E81505D1F3A8B6A00327F67 /* UIImageView+Network.m */; };
		4E8150611F3A939B00327F67 /* CPPreviousArticleTableViewCell.m in Sources */ = {isa = PBXBuildFile; fileRef = 4E8150601F3A939B00327F67 /* CPPreviousArticleTableViewCell.m */; };
		4E8150711F3AE98300327F67 /* CPPreviousArticleHeaderView.m in Sources */ = {isa = PBXBuildFile; fileRef = 4E8150701F3AE98300327F67 /* CPPreviousArticleHeaderView.m */; };
		4E8150811F3B876800327F67 /* Default-568h@2x.png in Resources */ = {isa = PBXBuildFile; fileRef = 4E8150801F3B876800327F67 /* Default-568h@2x.png */; };
/* End PBXBuildFile section */

/* Begin PBXContainerItemProxy section */
		4E8150151F37EA0A00327F67 /* PBXContainerItemProxy */ = {
			isa = PBXContainerItemProxy;
			containerPortal = 4E814FF11F37E89B00327F67 /* Project object */;
			proxyType = 1;
			remoteGlobalIDString = 4E814FFA1F37EA0A00327F67;
			remoteInfo = "Personal Capital";
		};
		4E8150201F37EA0A00327F67 /* PBXContainerItemProxy */ = {
			isa = PBXContainerItemProxy;
			containerPortal = 4E814FF11F37E89B00327F67 /* Project object */;
			proxyType = 1;
			remoteGlobalIDString = 4E814FFA1F37EA0A00327F67;
			remoteInfo = "Personal Capital";
		};
/* End PBXContainerItemProxy section */

/* Begin PBXFileReference section */
		4E814FFB1F37EA0A00327F67 /* Personal Capital.app */ = {isa = PBXFileReference; explicitFileType = wrapper.application; includeInIndex = 0; path = "Personal Capital.app"; sourceTree = BUILT_PRODUCTS_DIR; };
		4E814FFF1F37EA0A00327F67 /* main.m */ = {isa = PBXFileReference; lastKnownFileType = sourcecode.c.objc; path = main.m; sourceTree = "<group>"; };
		4E8150011F37EA0A00327F67 /* AppDelegate.h */ = {isa = PBXFileReference; lastKnownFileType = sourcecode.c.h; path = AppDelegate.h; sourceTree = "<group>"; };
		4E8150021F37EA0A00327F67 /* AppDelegate.m */ = {isa = PBXFileReference; lastKnownFileType = sourcecode.c.objc; path = AppDelegate.m; sourceTree = "<group>"; };
		4E8150041F37EA0A00327F67 /* CPTableViewController.h */ = {isa = PBXFileReference; lastKnownFileType = sourcecode.c.h; path = CPTableViewController.h; sourceTree = "<group>"; };
		4E8150051F37EA0A00327F67 /* CPTableViewController.m */ = {isa = PBXFileReference; lastKnownFileType = sourcecode.c.objc; path = CPTableViewController.m; sourceTree = "<group>"; };
		4E81500A1F37EA0A00327F67 /* Assets.xcassets */ = {isa = PBXFileReference; lastKnownFileType = folder.assetcatalog; path = Assets.xcassets; sourceTree = "<group>"; };
		4E81500F1F37EA0A00327F67 /* Info.plist */ = {isa = PBXFileReference; lastKnownFileType = text.plist.xml; path = Info.plist; sourceTree = "<group>"; };
		4E8150141F37EA0A00327F67 /* Personal CapitalTests.xctest */ = {isa = PBXFileReference; explicitFileType = wrapper.cfbundle; includeInIndex = 0; path = "Personal CapitalTests.xctest"; sourceTree = BUILT_PRODUCTS_DIR; };
		4E8150181F37EA0A00327F67 /* Personal_CapitalTests.m */ = {isa = PBXFileReference; lastKnownFileType = sourcecode.c.objc; path = Personal_CapitalTests.m; sourceTree = "<group>"; };
		4E81501A1F37EA0A00327F67 /* Info.plist */ = {isa = PBXFileReference; lastKnownFileType = text.plist.xml; path = Info.plist; sourceTree = "<group>"; };
		4E81501F1F37EA0A00327F67 /* Personal CapitalUITests.xctest */ = {isa = PBXFileReference; explicitFileType = wrapper.cfbundle; includeInIndex = 0; path = "Personal CapitalUITests.xctest"; sourceTree = BUILT_PRODUCTS_DIR; };
		4E8150231F37EA0A00327F67 /* Personal_CapitalUITests.m */ = {isa = PBXFileReference; lastKnownFileType = sourcecode.c.objc; path = Personal_CapitalUITests.m; sourceTree = "<group>"; };
		4E8150251F37EA0A00327F67 /* Info.plist */ = {isa = PBXFileReference; lastKnownFileType = text.plist.xml; path = Info.plist; sourceTree = "<group>"; };
		4E8150391F38DCD400327F67 /* CPChannelSource.h */ = {isa = PBXFileReference; fileEncoding = 4; lastKnownFileType = sourcecode.c.h; path = CPChannelSource.h; sourceTree = "<group>"; };
		4E81503A1F38DCD400327F67 /* CPChannelSource.m */ = {isa = PBXFileReference; fileEncoding = 4; lastKnownFileType = sourcecode.c.objc; path = CPChannelSource.m; sourceTree = "<group>"; };
		4E8150441F38E27B00327F67 /* CPParseOperation.h */ = {isa = PBXFileReference; fileEncoding = 4; lastKnownFileType = sourcecode.c.h; path = CPParseOperation.h; sourceTree = "<group>"; };
		4E8150451F38E27B00327F67 /* CPParseOperation.m */ = {isa = PBXFileReference; fileEncoding = 4; lastKnownFileType = sourcecode.c.objc; path = CPParseOperation.m; sourceTree = "<group>"; };
		4E8150471F38E5E500327F67 /* CPArticle.h */ = {isa = PBXFileReference; fileEncoding = 4; lastKnownFileType = sourcecode.c.h; path = CPArticle.h; sourceTree = "<group>"; };
		4E8150481F38E5E500327F67 /* CPArticle.m */ = {isa = PBXFileReference; fileEncoding = 4; lastKnownFileType = sourcecode.c.objc; path = CPArticle.m; sourceTree = "<group>"; };
		4E81504A1F38FE8400327F67 /* CPParseTests.m */ = {isa = PBXFileReference; fileEncoding = 4; lastKnownFileType = sourcecode.c.objc; path = CPParseTests.m; sourceTree = "<group>"; };
		4E81504C1F390C4200327F67 /* Constants.h */ = {isa = PBXFileReference; lastKnownFileType = sourcecode.c.h; path = Constants.h; sourceTree = "<group>"; };
		4E81504D1F390CB400327F67 /* Protocols.h */ = {isa = PBXFileReference; fileEncoding = 4; lastKnownFileType = sourcecode.c.h; path = Protocols.h; sourceTree = "<group>"; };
		4E81504E1F397F2700327F67 /* CPWebViewController.h */ = {isa = PBXFileReference; fileEncoding = 4; lastKnownFileType = sourcecode.c.h; path = CPWebViewController.h; sourceTree = "<group>"; };
		4E81504F1F397F2700327F67 /* CPWebViewController.m */ = {isa = PBXFileReference; fileEncoding = 4; lastKnownFileType = sourcecode.c.objc; path = CPWebViewController.m; sourceTree = "<group>"; };
		4E8150511F3A3A3000327F67 /* CPMainArticleTableViewCell.h */ = {isa = PBXFileReference; fileEncoding = 4; lastKnownFileType = sourcecode.c.h; path = CPMainArticleTableViewCell.h; sourceTree = "<group>"; };
		4E8150521F3A3A3000327F67 /* CPMainArticleTableViewCell.m */ = {isa = PBXFileReference; fileEncoding = 4; lastKnownFileType = sourcecode.c.objc; path = CPMainArticleTableViewCell.m; sourceTree = "<group>"; };
		4E8150541F3A3D7F00327F67 /* CPArticleView.h */ = {isa = PBXFileReference; fileEncoding = 4; lastKnownFileType = sourcecode.c.h; path = CPArticleView.h; sourceTree = "<group>"; };
		4E8150551F3A3D7F00327F67 /* CPArticleView.m */ = {isa = PBXFileReference; fileEncoding = 4; lastKnownFileType = sourcecode.c.objc; path = CPArticleView.m; sourceTree = "<group>"; };
		4E81505C1F3A8B6A00327F67 /* UIImageView+Network.h */ = {isa = PBXFileReference; fileEncoding = 4; lastKnownFileType = sourcecode.c.h; path = "UIImageView+Network.h"; sourceTree = "<group>"; };
		4E81505D1F3A8B6A00327F67 /* UIImageView+Network.m */ = {isa = PBXFileReference; fileEncoding = 4; lastKnownFileType = sourcecode.c.objc; path = "UIImageView+Network.m"; sourceTree = "<group>"; };
		4E81505F1F3A939B00327F67 /* CPPreviousArticleTableViewCell.h */ = {isa = PBXFileReference; fileEncoding = 4; lastKnownFileType = sourcecode.c.h; path = CPPreviousArticleTableViewCell.h; sourceTree = "<group>"; };
		4E8150601F3A939B00327F67 /* CPPreviousArticleTableViewCell.m */ = {isa = PBXFileReference; fileEncoding = 4; lastKnownFileType = sourcecode.c.objc; path = CPPreviousArticleTableViewCell.m; sourceTree = "<group>"; };
		4E81506F1F3AE98300327F67 /* CPPreviousArticleHeaderView.h */ = {isa = PBXFileReference; fileEncoding = 4; lastKnownFileType = sourcecode.c.h; path = CPPreviousArticleHeaderView.h; sourceTree = "<group>"; };
		4E8150701F3AE98300327F67 /* CPPreviousArticleHeaderView.m */ = {isa = PBXFileReference; fileEncoding = 4; lastKnownFileType = sourcecode.c.objc; path = CPPreviousArticleHeaderView.m; sourceTree = "<group>"; };
		4E8150801F3B876800327F67 /* Default-568h@2x.png */ = {isa = PBXFileReference; lastKnownFileType = image.png; path = "Default-568h@2x.png"; sourceTree = "<group>"; };
/* End PBXFileReference section */

/* Begin PBXFrameworksBuildPhase section */
		4E814FF81F37EA0A00327F67 /* Frameworks */ = {
			isa = PBXFrameworksBuildPhase;
			buildActionMask = 2147483647;
			files = (
			);
			runOnlyForDeploymentPostprocessing = 0;
		};
		4E8150111F37EA0A00327F67 /* Frameworks */ = {
			isa = PBXFrameworksBuildPhase;
			buildActionMask = 2147483647;
			files = (
			);
			runOnlyForDeploymentPostprocessing = 0;
		};
		4E81501C1F37EA0A00327F67 /* Frameworks */ = {
			isa = PBXFrameworksBuildPhase;
			buildActionMask = 2147483647;
			files = (
			);
			runOnlyForDeploymentPostprocessing = 0;
		};
/* End PBXFrameworksBuildPhase section */

/* Begin PBXGroup section */
		4E814FF01F37E89B00327F67 = {
			isa = PBXGroup;
			children = (
				4E814FFD1F37EA0A00327F67 /* Personal Capital */,
				4E8150171F37EA0A00327F67 /* Personal CapitalTests */,
				4E8150221F37EA0A00327F67 /* Personal CapitalUITests */,
				4E814FFC1F37EA0A00327F67 /* Products */,
			);
			sourceTree = "<group>";
		};
		4E814FFC1F37EA0A00327F67 /* Products */ = {
			isa = PBXGroup;
			children = (
				4E814FFB1F37EA0A00327F67 /* Personal Capital.app */,
				4E8150141F37EA0A00327F67 /* Personal CapitalTests.xctest */,
				4E81501F1F37EA0A00327F67 /* Personal CapitalUITests.xctest */,
			);
			name = Products;
			sourceTree = "<group>";
		};
		4E814FFD1F37EA0A00327F67 /* Personal Capital */ = {
			isa = PBXGroup;
			children = (
				4E8150571F3A896500327F67 /* Util */,
				4E8150321F37ED3400327F67 /* Models */,
				4E8150311F37ED0E00327F67 /* Controllers */,
				4E8150331F37ED4400327F67 /* Views */,
				4E814FFE1F37EA0A00327F67 /* Supporting Files */,
			);
			path = "Personal Capital";
			sourceTree = "<group>";
		};
		4E814FFE1F37EA0A00327F67 /* Supporting Files */ = {
			isa = PBXGroup;
			children = (
				4E8150011F37EA0A00327F67 /* AppDelegate.h */,
				4E8150021F37EA0A00327F67 /* AppDelegate.m */,
				4E81500F1F37EA0A00327F67 /* Info.plist */,
				4E81500A1F37EA0A00327F67 /* Assets.xcassets */,
				4E8150801F3B876800327F67 /* Default-568h@2x.png */,
				4E814FFF1F37EA0A00327F67 /* main.m */,
			);
			name = "Supporting Files";
			sourceTree = "<group>";
		};
		4E8150171F37EA0A00327F67 /* Personal CapitalTests */ = {
			isa = PBXGroup;
			children = (
				4E8150181F37EA0A00327F67 /* Personal_CapitalTests.m */,
				4E81504A1F38FE8400327F67 /* CPParseTests.m */,
				4E81501A1F37EA0A00327F67 /* Info.plist */,
			);
			path = "Personal CapitalTests";
			sourceTree = "<group>";
		};
		4E8150221F37EA0A00327F67 /* Personal CapitalUITests */ = {
			isa = PBXGroup;
			children = (
				4E8150231F37EA0A00327F67 /* Personal_CapitalUITests.m */,
				4E8150251F37EA0A00327F67 /* Info.plist */,
			);
			path = "Personal CapitalUITests";
			sourceTree = "<group>";
		};
		4E8150311F37ED0E00327F67 /* Controllers */ = {
			isa = PBXGroup;
			children = (
				4E8150041F37EA0A00327F67 /* CPTableViewController.h */,
				4E8150051F37EA0A00327F67 /* CPTableViewController.m */,
				4E81504E1F397F2700327F67 /* CPWebViewController.h */,
				4E81504F1F397F2700327F67 /* CPWebViewController.m */,
			);
			name = Controllers;
			sourceTree = "<group>";
		};
		4E8150321F37ED3400327F67 /* Models */ = {
			isa = PBXGroup;
			children = (
				4E8150391F38DCD400327F67 /* CPChannelSource.h */,
				4E81503A1F38DCD400327F67 /* CPChannelSource.m */,
				4E8150441F38E27B00327F67 /* CPParseOperation.h */,
				4E8150451F38E27B00327F67 /* CPParseOperation.m */,
				4E8150471F38E5E500327F67 /* CPArticle.h */,
				4E8150481F38E5E500327F67 /* CPArticle.m */,
				4E81504D1F390CB400327F67 /* Protocols.h */,
			);
			name = Models;
			sourceTree = "<group>";
		};
		4E8150331F37ED4400327F67 /* Views */ = {
			isa = PBXGroup;
			children = (
				4E8150511F3A3A3000327F67 /* CPMainArticleTableViewCell.h */,
				4E8150521F3A3A3000327F67 /* CPMainArticleTableViewCell.m */,
				4E81505F1F3A939B00327F67 /* CPPreviousArticleTableViewCell.h */,
				4E8150601F3A939B00327F67 /* CPPreviousArticleTableViewCell.m */,
				4E8150541F3A3D7F00327F67 /* CPArticleView.h */,
				4E8150551F3A3D7F00327F67 /* CPArticleView.m */,
				4E81506F1F3AE98300327F67 /* CPPreviousArticleHeaderView.h */,
				4E8150701F3AE98300327F67 /* CPPreviousArticleHeaderView.m */,
				4E81505C1F3A8B6A00327F67 /* UIImageView+Network.h */,
				4E81505D1F3A8B6A00327F67 /* UIImageView+Network.m */,
			);
			name = Views;
			sourceTree = "<group>";
		};
		4E8150571F3A896500327F67 /* Util */ = {
			isa = PBXGroup;
			children = (
				4E81504C1F390C4200327F67 /* Constants.h */,
			);
			name = Util;
			sourceTree = "<group>";
		};
/* End PBXGroup section */

/* Begin PBXNativeTarget section */
		4E814FFA1F37EA0A00327F67 /* Personal Capital */ = {
			isa = PBXNativeTarget;
			buildConfigurationList = 4E8150261F37EA0A00327F67 /* Build configuration list for PBXNativeTarget "Personal Capital" */;
			buildPhases = (
				4E814FF71F37EA0A00327F67 /* Sources */,
				4E814FF81F37EA0A00327F67 /* Frameworks */,
				4E814FF91F37EA0A00327F67 /* Resources */,
			);
			buildRules = (
			);
			dependencies = (
			);
			name = "Personal Capital";
			productName = "Personal Capital";
			productReference = 4E814FFB1F37EA0A00327F67 /* Personal Capital.app */;
			productType = "com.apple.product-type.application";
		};
		4E8150131F37EA0A00327F67 /* Personal CapitalTests */ = {
			isa = PBXNativeTarget;
			buildConfigurationList = 4E8150291F37EA0A00327F67 /* Build configuration list for PBXNativeTarget "Personal CapitalTests" */;
			buildPhases = (
				4E8150101F37EA0A00327F67 /* Sources */,
				4E8150111F37EA0A00327F67 /* Frameworks */,
				4E8150121F37EA0A00327F67 /* Resources */,
			);
			buildRules = (
			);
			dependencies = (
				4E8150161F37EA0A00327F67 /* PBXTargetDependency */,
			);
			name = "Personal CapitalTests";
			productName = "Personal CapitalTests";
			productReference = 4E8150141F37EA0A00327F67 /* Personal CapitalTests.xctest */;
			productType = "com.apple.product-type.bundle.unit-test";
		};
		4E81501E1F37EA0A00327F67 /* Personal CapitalUITests */ = {
			isa = PBXNativeTarget;
			buildConfigurationList = 4E81502C1F37EA0A00327F67 /* Build configuration list for PBXNativeTarget "Personal CapitalUITests" */;
			buildPhases = (
				4E81501B1F37EA0A00327F67 /* Sources */,
				4E81501C1F37EA0A00327F67 /* Frameworks */,
				4E81501D1F37EA0A00327F67 /* Resources */,
			);
			buildRules = (
			);
			dependencies = (
				4E8150211F37EA0A00327F67 /* PBXTargetDependency */,
			);
			name = "Personal CapitalUITests";
			productName = "Personal CapitalUITests";
			productReference = 4E81501F1F37EA0A00327F67 /* Personal CapitalUITests.xctest */;
			productType = "com.apple.product-type.bundle.ui-testing";
		};
/* End PBXNativeTarget section */

/* Begin PBXProject section */
		4E814FF11F37E89B00327F67 /* Project object */ = {
			isa = PBXProject;
			attributes = {
				LastUpgradeCheck = 0830;
				TargetAttributes = {
					4E814FFA1F37EA0A00327F67 = {
						CreatedOnToolsVersion = 8.3.3;
						DevelopmentTeam = 34MACVPMKE;
						ProvisioningStyle = Automatic;
					};
					4E8150131F37EA0A00327F67 = {
						CreatedOnToolsVersion = 8.3.3;
						DevelopmentTeam = 34MACVPMKE;
						ProvisioningStyle = Automatic;
						TestTargetID = 4E814FFA1F37EA0A00327F67;
					};
					4E81501E1F37EA0A00327F67 = {
						CreatedOnToolsVersion = 8.3.3;
						DevelopmentTeam = 34MACVPMKE;
						ProvisioningStyle = Automatic;
						TestTargetID = 4E814FFA1F37EA0A00327F67;
					};
				};
			};
			buildConfigurationList = 4E814FF41F37E89B00327F67 /* Build configuration list for PBXProject "PersonalCapital" */;
			compatibilityVersion = "Xcode 3.2";
			developmentRegion = English;
			hasScannedForEncodings = 0;
			knownRegions = (
				en,
				Base,
			);
			mainGroup = 4E814FF01F37E89B00327F67;
			productRefGroup = 4E814FFC1F37EA0A00327F67 /* Products */;
			projectDirPath = "";
			projectRoot = "";
			targets = (
				4E814FFA1F37EA0A00327F67 /* Personal Capital */,
				4E8150131F37EA0A00327F67 /* Personal CapitalTests */,
				4E81501E1F37EA0A00327F67 /* Personal CapitalUITests */,
			);
		};
/* End PBXProject section */

/* Begin PBXResourcesBuildPhase section */
		4E814FF91F37EA0A00327F67 /* Resources */ = {
			isa = PBXResourcesBuildPhase;
			buildActionMask = 2147483647;
			files = (
				4E81500B1F37EA0A00327F67 /* Assets.xcassets in Resources */,
				4E8150811F3B876800327F67 /* Default-568h@2x.png in Resources */,
			);
			runOnlyForDeploymentPostprocessing = 0;
		};
		4E8150121F37EA0A00327F67 /* Resources */ = {
			isa = PBXResourcesBuildPhase;
			buildActionMask = 2147483647;
			files = (
			);
			runOnlyForDeploymentPostprocessing = 0;
		};
		4E81501D1F37EA0A00327F67 /* Resources */ = {
			isa = PBXResourcesBuildPhase;
			buildActionMask = 2147483647;
			files = (
			);
			runOnlyForDeploymentPostprocessing = 0;
		};
/* End PBXResourcesBuildPhase section */

/* Begin PBXSourcesBuildPhase section */
		4E814FF71F37EA0A00327F67 /* Sources */ = {
			isa = PBXSourcesBuildPhase;
			buildActionMask = 2147483647;
			files = (
				4E81503B1F38DCD400327F67 /* CPChannelSource.m in Sources */,
				4E8150061F37EA0A00327F67 /* CPTableViewController.m in Sources */,
				4E8150611F3A939B00327F67 /* CPPreviousArticleTableViewCell.m in Sources */,
				4E8150031F37EA0A00327F67 /* AppDelegate.m in Sources */,
				4E8150711F3AE98300327F67 /* CPPreviousArticleHeaderView.m in Sources */,
				4E8150501F397F2700327F67 /* CPWebViewController.m in Sources */,
				4E8150491F38E5E500327F67 /* CPArticle.m in Sources */,
				4E8150461F38E27B00327F67 /* CPParseOperation.m in Sources */,
				4E8150531F3A3A3000327F67 /* CPMainArticleTableViewCell.m in Sources */,
				4E8150561F3A3D7F00327F67 /* CPArticleView.m in Sources */,
				4E81505E1F3A8B6A00327F67 /* UIImageView+Network.m in Sources */,
				4E8150001F37EA0A00327F67 /* main.m in Sources */,
			);
			runOnlyForDeploymentPostprocessing = 0;
		};
		4E8150101F37EA0A00327F67 /* Sources */ = {
			isa = PBXSourcesBuildPhase;
			buildActionMask = 2147483647;
			files = (
				4E81504B1F38FE8400327F67 /* CPParseTests.m in Sources */,
				4E8150191F37EA0A00327F67 /* Personal_CapitalTests.m in Sources */,
			);
			runOnlyForDeploymentPostprocessing = 0;
		};
		4E81501B1F37EA0A00327F67 /* Sources */ = {
			isa = PBXSourcesBuildPhase;
			buildActionMask = 2147483647;
			files = (
				4E8150241F37EA0A00327F67 /* Personal_CapitalUITests.m in Sources */,
			);
			runOnlyForDeploymentPostprocessing = 0;
		};
/* End PBXSourcesBuildPhase section */

/* Begin PBXTargetDependency section */
		4E8150161F37EA0A00327F67 /* PBXTargetDependency */ = {
			isa = PBXTargetDependency;
			target = 4E814FFA1F37EA0A00327F67 /* Personal Capital */;
			targetProxy = 4E8150151F37EA0A00327F67 /* PBXContainerItemProxy */;
		};
		4E8150211F37EA0A00327F67 /* PBXTargetDependency */ = {
			isa = PBXTargetDependency;
			target = 4E814FFA1F37EA0A00327F67 /* Personal Capital */;
			targetProxy = 4E8150201F37EA0A00327F67 /* PBXContainerItemProxy */;
		};
/* End PBXTargetDependency section */

/* Begin XCBuildConfiguration section */
		4E814FF51F37E89B00327F67 /* Debug */ = {
			isa = XCBuildConfiguration;
			buildSettings = {
			};
			name = Debug;
		};
		4E814FF61F37E89B00327F67 /* Release */ = {
			isa = XCBuildConfiguration;
			buildSettings = {
			};
			name = Release;
		};
		4E8150271F37EA0A00327F67 /* Debug */ = {
			isa = XCBuildConfiguration;
			buildSettings = {
				ALWAYS_SEARCH_USER_PATHS = NO;
				ASSETCATALOG_COMPILER_APPICON_NAME = AppIcon;
				CLANG_ANALYZER_NONNULL = YES;
				CLANG_ANALYZER_NUMBER_OBJECT_CONVERSION = YES_AGGRESSIVE;
				CLANG_CXX_LANGUAGE_STANDARD = "gnu++0x";
				CLANG_CXX_LIBRARY = "libc++";
				CLANG_ENABLE_MODULES = YES;
				CLANG_ENABLE_OBJC_ARC = YES;
				CLANG_WARN_BOOL_CONVERSION = YES;
				CLANG_WARN_CONSTANT_CONVERSION = YES;
				CLANG_WARN_DIRECT_OBJC_ISA_USAGE = YES_ERROR;
				CLANG_WARN_DOCUMENTATION_COMMENTS = YES;
				CLANG_WARN_EMPTY_BODY = YES;
				CLANG_WARN_ENUM_CONVERSION = YES;
				CLANG_WARN_INFINITE_RECURSION = YES;
				CLANG_WARN_INT_CONVERSION = YES;
				CLANG_WARN_OBJC_ROOT_CLASS = YES_ERROR;
				CLANG_WARN_SUSPICIOUS_MOVE = YES;
				CLANG_WARN_UNREACHABLE_CODE = YES;
				CLANG_WARN__DUPLICATE_METHOD_MATCH = YES;
				"CODE_SIGN_IDENTITY[sdk=iphoneos*]" = "iPhone Developer";
				COPY_PHASE_STRIP = NO;
				DEBUG_INFORMATION_FORMAT = dwarf;
				DEVELOPMENT_TEAM = 34MACVPMKE;
				ENABLE_STRICT_OBJC_MSGSEND = YES;
				ENABLE_TESTABILITY = YES;
				GCC_C_LANGUAGE_STANDARD = gnu99;
				GCC_DYNAMIC_NO_PIC = NO;
				GCC_NO_COMMON_BLOCKS = YES;
				GCC_OPTIMIZATION_LEVEL = 0;
				GCC_PREPROCESSOR_DEFINITIONS = (
					"DEBUG=1",
					"$(inherited)",
				);
				GCC_WARN_64_TO_32_BIT_CONVERSION = YES;
				GCC_WARN_ABOUT_RETURN_TYPE = YES_ERROR;
				GCC_WARN_UNDECLARED_SELECTOR = YES;
				GCC_WARN_UNINITIALIZED_AUTOS = YES_AGGRESSIVE;
				GCC_WARN_UNUSED_FUNCTION = YES;
				GCC_WARN_UNUSED_VARIABLE = YES;
				INFOPLIST_FILE = "Personal Capital/Info.plist";
				IPHONEOS_DEPLOYMENT_TARGET = 10.3;
				LD_RUNPATH_SEARCH_PATHS = "$(inherited) @executable_path/Frameworks";
				MTL_ENABLE_DEBUG_INFO = YES;
				ONLY_ACTIVE_ARCH = YES;
				PRODUCT_BUNDLE_IDENTIFIER = "com.pokgear.Personal-Capital";
				PRODUCT_NAME = "$(TARGET_NAME)";
				SDKROOT = iphoneos;
				TARGETED_DEVICE_FAMILY = "1,2";
			};
			name = Debug;
		};
		4E8150281F37EA0A00327F67 /* Release */ = {
			isa = XCBuildConfiguration;
			buildSettings = {
				ALWAYS_SEARCH_USER_PATHS = NO;
				ASSETCATALOG_COMPILER_APPICON_NAME = AppIcon;
				CLANG_ANALYZER_NONNULL = YES;
				CLANG_ANALYZER_NUMBER_OBJECT_CONVERSION = YES_AGGRESSIVE;
				CLANG_CXX_LANGUAGE_STANDARD = "gnu++0x";
				CLANG_CXX_LIBRARY = "libc++";
				CLANG_ENABLE_MODULES = YES;
				CLANG_ENABLE_OBJC_ARC = YES;
				CLANG_WARN_BOOL_CONVERSION = YES;
				CLANG_WARN_CONSTANT_CONVERSION = YES;
				CLANG_WARN_DIRECT_OBJC_ISA_USAGE = YES_ERROR;
				CLANG_WARN_DOCUMENTATION_COMMENTS = YES;
				CLANG_WARN_EMPTY_BODY = YES;
				CLANG_WARN_ENUM_CONVERSION = YES;
				CLANG_WARN_INFINITE_RECURSION = YES;
				CLANG_WARN_INT_CONVERSION = YES;
				CLANG_WARN_OBJC_ROOT_CLASS = YES_ERROR;
				CLANG_WARN_SUSPICIOUS_MOVE = YES;
				CLANG_WARN_UNREACHABLE_CODE = YES;
				CLANG_WARN__DUPLICATE_METHOD_MATCH = YES;
				"CODE_SIGN_IDENTITY[sdk=iphoneos*]" = "iPhone Developer";
				COPY_PHASE_STRIP = NO;
				DEBUG_INFORMATION_FORMAT = "dwarf-with-dsym";
				DEVELOPMENT_TEAM = 34MACVPMKE;
				ENABLE_NS_ASSERTIONS = NO;
				ENABLE_STRICT_OBJC_MSGSEND = YES;
				GCC_C_LANGUAGE_STANDARD = gnu99;
				GCC_NO_COMMON_BLOCKS = YES;
				GCC_WARN_64_TO_32_BIT_CONVERSION = YES;
				GCC_WARN_ABOUT_RETURN_TYPE = YES_ERROR;
				GCC_WARN_UNDECLARED_SELECTOR = YES;
				GCC_WARN_UNINITIALIZED_AUTOS = YES_AGGRESSIVE;
				GCC_WARN_UNUSED_FUNCTION = YES;
				GCC_WARN_UNUSED_VARIABLE = YES;
				INFOPLIST_FILE = "Personal Capital/Info.plist";
				IPHONEOS_DEPLOYMENT_TARGET = 10.3;
				LD_RUNPATH_SEARCH_PATHS = "$(inherited) @executable_path/Frameworks";
				MTL_ENABLE_DEBUG_INFO = NO;
				PRODUCT_BUNDLE_IDENTIFIER = "com.pokgear.Personal-Capital";
				PRODUCT_NAME = "$(TARGET_NAME)";
				SDKROOT = iphoneos;
				TARGETED_DEVICE_FAMILY = "1,2";
				VALIDATE_PRODUCT = YES;
			};
			name = Release;
		};
		4E81502A1F37EA0A00327F67 /* Debug */ = {
			isa = XCBuildConfiguration;
			buildSettings = {
				ALWAYS_SEARCH_USER_PATHS = NO;
				BUNDLE_LOADER = "$(TEST_HOST)";
				CLANG_ANALYZER_NONNULL = YES;
				CLANG_ANALYZER_NUMBER_OBJECT_CONVERSION = YES_AGGRESSIVE;
				CLANG_CXX_LANGUAGE_STANDARD = "gnu++0x";
				CLANG_CXX_LIBRARY = "libc++";
				CLANG_ENABLE_MODULES = YES;
				CLANG_ENABLE_OBJC_ARC = YES;
				CLANG_WARN_BOOL_CONVERSION = YES;
				CLANG_WARN_CONSTANT_CONVERSION = YES;
				CLANG_WARN_DIRECT_OBJC_ISA_USAGE = YES_ERROR;
				CLANG_WARN_DOCUMENTATION_COMMENTS = YES;
				CLANG_WARN_EMPTY_BODY = YES;
				CLANG_WARN_ENUM_CONVERSION = YES;
				CLANG_WARN_INFINITE_RECURSION = YES;
				CLANG_WARN_INT_CONVERSION = YES;
				CLANG_WARN_OBJC_ROOT_CLASS = YES_ERROR;
				CLANG_WARN_SUSPICIOUS_MOVE = YES;
				CLANG_WARN_UNREACHABLE_CODE = YES;
				CLANG_WARN__DUPLICATE_METHOD_MATCH = YES;
				"CODE_SIGN_IDENTITY[sdk=iphoneos*]" = "iPhone Developer";
				COPY_PHASE_STRIP = NO;
				DEBUG_INFORMATION_FORMAT = dwarf;
				DEVELOPMENT_TEAM = 34MACVPMKE;
				ENABLE_STRICT_OBJC_MSGSEND = YES;
				ENABLE_TESTABILITY = YES;
				GCC_C_LANGUAGE_STANDARD = gnu99;
				GCC_DYNAMIC_NO_PIC = NO;
				GCC_NO_COMMON_BLOCKS = YES;
				GCC_OPTIMIZATION_LEVEL = 0;
				GCC_PREPROCESSOR_DEFINITIONS = (
					"DEBUG=1",
					"$(inherited)",
				);
				GCC_WARN_64_TO_32_BIT_CONVERSION = YES;
				GCC_WARN_ABOUT_RETURN_TYPE = YES_ERROR;
				GCC_WARN_UNDECLARED_SELECTOR = YES;
				GCC_WARN_UNINITIALIZED_AUTOS = YES_AGGRESSIVE;
				GCC_WARN_UNUSED_FUNCTION = YES;
				GCC_WARN_UNUSED_VARIABLE = YES;
				INFOPLIST_FILE = "Personal CapitalTests/Info.plist";
				IPHONEOS_DEPLOYMENT_TARGET = 10.3;
				LD_RUNPATH_SEARCH_PATHS = "$(inherited) @executable_path/Frameworks @loader_path/Frameworks";
				MTL_ENABLE_DEBUG_INFO = YES;
				ONLY_ACTIVE_ARCH = YES;
				PRODUCT_BUNDLE_IDENTIFIER = "com.pokgear.Personal-CapitalTests";
				PRODUCT_NAME = "$(TARGET_NAME)";
				SDKROOT = iphoneos;
				TEST_HOST = "$(BUILT_PRODUCTS_DIR)/Personal Capital.app/Personal Capital";
			};
			name = Debug;
		};
		4E81502B1F37EA0A00327F67 /* Release */ = {
			isa = XCBuildConfiguration;
			buildSettings = {
				ALWAYS_SEARCH_USER_PATHS = NO;
				BUNDLE_LOADER = "$(TEST_HOST)";
				CLANG_ANALYZER_NONNULL = YES;
				CLANG_ANALYZER_NUMBER_OBJECT_CONVERSION = YES_AGGRESSIVE;
				CLANG_CXX_LANGUAGE_STANDARD = "gnu++0x";
				CLANG_CXX_LIBRARY = "libc++";
				CLANG_ENABLE_MODULES = YES;
				CLANG_ENABLE_OBJC_ARC = YES;
				CLANG_WARN_BOOL_CONVERSION = YES;
				CLANG_WARN_CONSTANT_CONVERSION = YES;
				CLANG_WARN_DIRECT_OBJC_ISA_USAGE = YES_ERROR;
				CLANG_WARN_DOCUMENTATION_COMMENTS = YES;
				CLANG_WARN_EMPTY_BODY = YES;
				CLANG_WARN_ENUM_CONVERSION = YES;
				CLANG_WARN_INFINITE_RECURSION = YES;
				CLANG_WARN_INT_CONVERSION = YES;
				CLANG_WARN_OBJC_ROOT_CLASS = YES_ERROR;
				CLANG_WARN_SUSPICIOUS_MOVE = YES;
				CLANG_WARN_UNREACHABLE_CODE = YES;
				CLANG_WARN__DUPLICATE_METHOD_MATCH = YES;
				"CODE_SIGN_IDENTITY[sdk=iphoneos*]" = "iPhone Developer";
				COPY_PHASE_STRIP = NO;
				DEBUG_INFORMATION_FORMAT = "dwarf-with-dsym";
				DEVELOPMENT_TEAM = 34MACVPMKE;
				ENABLE_NS_ASSERTIONS = NO;
				ENABLE_STRICT_OBJC_MSGSEND = YES;
				GCC_C_LANGUAGE_STANDARD = gnu99;
				GCC_NO_COMMON_BLOCKS = YES;
				GCC_WARN_64_TO_32_BIT_CONVERSION = YES;
				GCC_WARN_ABOUT_RETURN_TYPE = YES_ERROR;
				GCC_WARN_UNDECLARED_SELECTOR = YES;
				GCC_WARN_UNINITIALIZED_AUTOS = YES_AGGRESSIVE;
				GCC_WARN_UNUSED_FUNCTION = YES;
				GCC_WARN_UNUSED_VARIABLE = YES;
				INFOPLIST_FILE = "Personal CapitalTests/Info.plist";
				IPHONEOS_DEPLOYMENT_TARGET = 10.3;
				LD_RUNPATH_SEARCH_PATHS = "$(inherited) @executable_path/Frameworks @loader_path/Frameworks";
				MTL_ENABLE_DEBUG_INFO = NO;
				PRODUCT_BUNDLE_IDENTIFIER = "com.pokgear.Personal-CapitalTests";
				PRODUCT_NAME = "$(TARGET_NAME)";
				SDKROOT = iphoneos;
				TEST_HOST = "$(BUILT_PRODUCTS_DIR)/Personal Capital.app/Personal Capital";
				VALIDATE_PRODUCT = YES;
			};
			name = Release;
		};
		4E81502D1F37EA0A00327F67 /* Debug */ = {
			isa = XCBuildConfiguration;
			buildSettings = {
				ALWAYS_SEARCH_USER_PATHS = NO;
				CLANG_ANALYZER_NONNULL = YES;
				CLANG_ANALYZER_NUMBER_OBJECT_CONVERSION = YES_AGGRESSIVE;
				CLANG_CXX_LANGUAGE_STANDARD = "gnu++0x";
				CLANG_CXX_LIBRARY = "libc++";
				CLANG_ENABLE_MODULES = YES;
				CLANG_ENABLE_OBJC_ARC = YES;
				CLANG_WARN_BOOL_CONVERSION = YES;
				CLANG_WARN_CONSTANT_CONVERSION = YES;
				CLANG_WARN_DIRECT_OBJC_ISA_USAGE = YES_ERROR;
				CLANG_WARN_DOCUMENTATION_COMMENTS = YES;
				CLANG_WARN_EMPTY_BODY = YES;
				CLANG_WARN_ENUM_CONVERSION = YES;
				CLANG_WARN_INFINITE_RECURSION = YES;
				CLANG_WARN_INT_CONVERSION = YES;
				CLANG_WARN_OBJC_ROOT_CLASS = YES_ERROR;
				CLANG_WARN_SUSPICIOUS_MOVE = YES;
				CLANG_WARN_UNREACHABLE_CODE = YES;
				CLANG_WARN__DUPLICATE_METHOD_MATCH = YES;
				"CODE_SIGN_IDENTITY[sdk=iphoneos*]" = "iPhone Developer";
				COPY_PHASE_STRIP = NO;
				DEBUG_INFORMATION_FORMAT = dwarf;
				DEVELOPMENT_TEAM = 34MACVPMKE;
				ENABLE_STRICT_OBJC_MSGSEND = YES;
				ENABLE_TESTABILITY = YES;
				GCC_C_LANGUAGE_STANDARD = gnu99;
				GCC_DYNAMIC_NO_PIC = NO;
				GCC_NO_COMMON_BLOCKS = YES;
				GCC_OPTIMIZATION_LEVEL = 0;
				GCC_PREPROCESSOR_DEFINITIONS = (
					"DEBUG=1",
					"$(inherited)",
				);
				GCC_WARN_64_TO_32_BIT_CONVERSION = YES;
				GCC_WARN_ABOUT_RETURN_TYPE = YES_ERROR;
				GCC_WARN_UNDECLARED_SELECTOR = YES;
				GCC_WARN_UNINITIALIZED_AUTOS = YES_AGGRESSIVE;
				GCC_WARN_UNUSED_FUNCTION = YES;
				GCC_WARN_UNUSED_VARIABLE = YES;
				INFOPLIST_FILE = "Personal CapitalUITests/Info.plist";
				IPHONEOS_DEPLOYMENT_TARGET = 10.3;
				LD_RUNPATH_SEARCH_PATHS = "$(inherited) @executable_path/Frameworks @loader_path/Frameworks";
				MTL_ENABLE_DEBUG_INFO = YES;
				ONLY_ACTIVE_ARCH = YES;
				PRODUCT_BUNDLE_IDENTIFIER = "com.pokgear.Personal-CapitalUITests";
				PRODUCT_NAME = "$(TARGET_NAME)";
				SDKROOT = iphoneos;
				TEST_TARGET_NAME = "Personal Capital";
			};
			name = Debug;
		};
		4E81502E1F37EA0A00327F67 /* Release */ = {
			isa = XCBuildConfiguration;
			buildSettings = {
				ALWAYS_SEARCH_USER_PATHS = NO;
				CLANG_ANALYZER_NONNULL = YES;
				CLANG_ANALYZER_NUMBER_OBJECT_CONVERSION = YES_AGGRESSIVE;
				CLANG_CXX_LANGUAGE_STANDARD = "gnu++0x";
				CLANG_CXX_LIBRARY = "libc++";
				CLANG_ENABLE_MODULES = YES;
				CLANG_ENABLE_OBJC_ARC = YES;
				CLANG_WARN_BOOL_CONVERSION = YES;
				CLANG_WARN_CONSTANT_CONVERSION = YES;
				CLANG_WARN_DIRECT_OBJC_ISA_USAGE = YES_ERROR;
				CLANG_WARN_DOCUMENTATION_COMMENTS = YES;
				CLANG_WARN_EMPTY_BODY = YES;
				CLANG_WARN_ENUM_CONVERSION = YES;
				CLANG_WARN_INFINITE_RECURSION = YES;
				CLANG_WARN_INT_CONVERSION = YES;
				CLANG_WARN_OBJC_ROOT_CLASS = YES_ERROR;
				CLANG_WARN_SUSPICIOUS_MOVE = YES;
				CLANG_WARN_UNREACHABLE_CODE = YES;
				CLANG_WARN__DUPLICATE_METHOD_MATCH = YES;
				"CODE_SIGN_IDENTITY[sdk=iphoneos*]" = "iPhone Developer";
				COPY_PHASE_STRIP = NO;
				DEBUG_INFORMATION_FORMAT = "dwarf-with-dsym";
				DEVELOPMENT_TEAM = 34MACVPMKE;
				ENABLE_NS_ASSERTIONS = NO;
				ENABLE_STRICT_OBJC_MSGSEND = YES;
				GCC_C_LANGUAGE_STANDARD = gnu99;
				GCC_NO_COMMON_BLOCKS = YES;
				GCC_WARN_64_TO_32_BIT_CONVERSION = YES;
				GCC_WARN_ABOUT_RETURN_TYPE = YES_ERROR;
				GCC_WARN_UNDECLARED_SELECTOR = YES;
				GCC_WARN_UNINITIALIZED_AUTOS = YES_AGGRESSIVE;
				GCC_WARN_UNUSED_FUNCTION = YES;
				GCC_WARN_UNUSED_VARIABLE = YES;
				INFOPLIST_FILE = "Personal CapitalUITests/Info.plist";
				IPHONEOS_DEPLOYMENT_TARGET = 10.3;
				LD_RUNPATH_SEARCH_PATHS = "$(inherited) @executable_path/Frameworks @loader_path/Frameworks";
				MTL_ENABLE_DEBUG_INFO = NO;
				PRODUCT_BUNDLE_IDENTIFIER = "com.pokgear.Personal-CapitalUITests";
				PRODUCT_NAME = "$(TARGET_NAME)";
				SDKROOT = iphoneos;
				TEST_TARGET_NAME = "Personal Capital";
				VALIDATE_PRODUCT = YES;
			};
			name = Release;
		};
/* End XCBuildConfiguration section */

/* Begin XCConfigurationList section */
		4E814FF41F37E89B00327F67 /* Build configuration list for PBXProject "PersonalCapital" */ = {
			isa = XCConfigurationList;
			buildConfigurations = (
				4E814FF51F37E89B00327F67 /* Debug */,
				4E814FF61F37E89B00327F67 /* Release */,
			);
			defaultConfigurationIsVisible = 0;
			defaultConfigurationName = Release;
		};
		4E8150261F37EA0A00327F67 /* Build configuration list for PBXNativeTarget "Personal Capital" */ = {
			isa = XCConfigurationList;
			buildConfigurations = (
				4E8150271F37EA0A00327F67 /* Debug */,
				4E8150281F37EA0A00327F67 /* Release */,
			);
			defaultConfigurationIsVisible = 0;
			defaultConfigurationName = Release;
		};
		4E8150291F37EA0A00327F67 /* Build configuration list for PBXNativeTarget "Personal CapitalTests" */ = {
			isa = XCConfigurationList;
			buildConfigurations = (
				4E81502A1F37EA0A00327F67 /* Debug */,
				4E81502B1F37EA0A00327F67 /* Release */,
			);
			defaultConfigurationIsVisible = 0;
			defaultConfigurationName = Release;
		};
		4E81502C1F37EA0A00327F67 /* Build configuration list for PBXNativeTarget "Personal CapitalUITests" */ = {
			isa = XCConfigurationList;
			buildConfigurations = (
				4E81502D1F37EA0A00327F67 /* Debug */,
				4E81502E1F37EA0A00327F67 /* Release */,
			);
			defaultConfigurationIsVisible = 0;
			defaultConfigurationName = Release;
		};
/* End XCConfigurationList section */
	};
	rootObject = 4E814FF11F37E89B00327F67 /* Project object */;
}
